
Microsoft Visual Studio Solution File, Format Version 12.00
# Visual Studio Version 17
VisualStudioVersion = 17.14.37111.16 d17.14
MinimumVisualStudioVersion = 10.0.40219.1
Project("{FAE04EC0-301F-11D3-BF4B-00C04F79EFBC}") = "CatApp", "CatApp\CatApp.csproj", "{D77AF7B0-55A8-4850-A54A-4D91C94A05C1}"
EndProject
Project("{FAE04EC0-301F-11D3-BF4B-00C04F79EFBC}") = "CatApp.Client", "CatApp.Client\CatApp.Client.csproj", "{440A259F-EC84-4F14-ADBF-F5F70D379BF0}"
EndProject
Global
	GlobalSection(SolutionConfigurationPlatforms) = preSolution
		Debug|Any CPU = Debug|Any CPU
		Release|Any CPU = Release|Any CPU
	EndGlobalSection
	GlobalSection(ProjectConfigurationPlatforms) = postSolution
		{D77AF7B0-55A8-4850-A54A-4D91C94A05C1}.Debug|Any CPU.ActiveCfg = Debug|Any CPU
		{D77AF7B0-55A8-4850-A54A-4D91C94A05C1}.Debug|Any CPU.Build.0 = Debug|Any CPU
		{D77AF7B0-55A8-4850-A54A-4D91C94A05C1}.Release|Any CPU.ActiveCfg = Release|Any CPU
		{D77AF7B0-55A8-4850-A54A-4D91C94A05C1}.Release|Any CPU.Build.0 = Release|Any CPU
		{440A259F-EC84-4F14-ADBF-F5F70D379BF0}.Debug|Any CPU.ActiveCfg = Debug|Any CPU
		{440A259F-EC84-4F14-ADBF-F5F70D379BF0}.Debug|Any CPU.Build.0 = Debug|Any CPU
		{440A259F-EC84-4F14-ADBF-F5F70D379BF0}.Release|Any CPU.ActiveCfg = Release|Any CPU
		{440A259F-EC84-4F14-ADBF-F5F70D379BF0}.Release|Any CPU.Build.0 = Release|Any CPU
	EndGlobalSection
	GlobalSection(SolutionProperties) = preSolution
		HideSolutionNode = FALSE
	EndGlobalSection
	GlobalSection(ExtensibilityGlobals) = postSolution
		SolutionGuid = {955B055C-94A7-4B23-9852-9E73E99390C0}
	EndGlobalSection
EndGlobal
